
Microsoft Visual Studio Solution File, Format Version 12.00
# Visual Studio 15
Project("{FAE04EC0-301F-11D3-BF4B-00C04F79EFBC}") = "Assembly-CSharp", "Assembly-CSharp.csproj", "{176F522D-0096-E037-6FA0-F2CFF0D127B2}"
EndProject
Project("{FAE04EC0-301F-11D3-BF4B-00C04F79EFBC}") = "Assembly-CSharp-Editor", "Assembly-CSharp-Editor.csproj", "{111C07AD-54FC-92AF-6284-CD3F03897488}"
EndProject
Global
	GlobalSection(SolutionConfigurationPlatforms) = preSolution
		Debug|Any CPU = Debug|Any CPU
		Release|Any CPU = Release|Any CPU
	EndGlobalSection
	GlobalSection(ProjectConfigurationPlatforms) = postSolution
		{176F522D-0096-E037-6FA0-F2CFF0D127B2}.Debug|Any CPU.ActiveCfg = Debug|Any CPU
		{176F522D-0096-E037-6FA0-F2CFF0D127B2}.Debug|Any CPU.Build.0 = Debug|Any CPU
		{176F522D-0096-E037-6FA0-F2CFF0D127B2}.Release|Any CPU.ActiveCfg = Release|Any CPU
		{176F522D-0096-E037-6FA0-F2CFF0D127B2}.Release|Any CPU.Build.0 = Release|Any CPU
		{111C07AD-54FC-92AF-6284-CD3F03897488}.Debug|Any CPU.ActiveCfg = Debug|Any CPU
		{111C07AD-54FC-92AF-6284-CD3F03897488}.Debug|Any CPU.Build.0 = Debug|Any CPU
		{111C07AD-54FC-92AF-6284-CD3F03897488}.Release|Any CPU.ActiveCfg = Release|Any CPU
		{111C07AD-54FC-92AF-6284-CD3F03897488}.Release|Any CPU.Build.0 = Release|Any CPU
	EndGlobalSection
	GlobalSection(SolutionProperties) = preSolution
		HideSolutionNode = FALSE
	EndGlobalSection
EndGlobal
